// !$*UTF8*$!
{
	archiveVersion = 1;
	classes = {
	};
	objectVersion = 46;
	objects = {

/* Begin PBXBuildFile section */
		46D50CFF1B993BD40007D771 /* main.m in Sources */ = {isa = PBXBuildFile; fileRef = 46D50CFE1B993BD40007D771 /* main.m */; };
		46D50D021B993BD40007D771 /* AppDelegate.m in Sources */ = {isa = PBXBuildFile; fileRef = 46D50D011B993BD40007D771 /* AppDelegate.m */; };
		46D50D051B993BD40007D771 /* ViewController.m in Sources */ = {isa = PBXBuildFile; fileRef = 46D50D041B993BD40007D771 /* ViewController.m */; };
		46D50D081B993BD40007D771 /* Main.storyboard in Resources */ = {isa = PBXBuildFile; fileRef = 46D50D061B993BD40007D771 /* Main.storyboard */; };
		46D50D0A1B993BD40007D771 /* Images.xcassets in Resources */ = {isa = PBXBuildFile; fileRef = 46D50D091B993BD40007D771 /* Images.xcassets */; };
		46D50D0D1B993BD40007D771 /* LaunchScreen.xib in Resources */ = {isa = PBXBuildFile; fileRef = 46D50D0B1B993BD40007D771 /* LaunchScreen.xib */; };
		46D50D191B993BD40007D771 /* SJTextTips_OC_Tests.m in Sources */ = {isa = PBXBuildFile; fileRef = 46D50D181B993BD40007D771 /* SJTextTips_OC_Tests.m */; };
		46D5149E1C1DC6CF0086F19F /* UITextField+tips.m in Sources */ = {isa = PBXBuildFile; fileRef = 46D5149D1C1DC6CF0086F19F /* UITextField+tips.m */; };
/* End PBXBuildFile section */

/* Begin PBXContainerItemProxy section */
		46D50D131B993BD40007D771 /* PBXContainerItemProxy */ = {
			isa = PBXContainerItemProxy;
			containerPortal = 46D50CF11B993BD30007D771 /* Project object */;
			proxyType = 1;
			remoteGlobalIDString = 46D50CF81B993BD30007D771;
			remoteInfo = "SJTextTips(OC)";
		};
/* End PBXContainerItemProxy section */

/* Begin PBXFileReference section */
		46D50CF91B993BD30007D771 /* SJTextTips(OC).app */ = {isa = PBXFileReference; explicitFileType = wrapper.application; includeInIndex = 0; path = "SJTextTips(OC).app"; sourceTree = BUILT_PRODUCTS_DIR; };
		46D50CFD1B993BD40007D771 /* Info.plist */ = {isa = PBXFileReference; lastKnownFileType = text.plist.xml; path = Info.plist; sourceTree = "<group>"; };
		46D50CFE1B993BD40007D771 /* main.m */ = {isa = PBXFileReference; lastKnownFileType = sourcecode.c.objc; path = main.m; sourceTree = "<group>"; };
		46D50D001B993BD40007D771 /* AppDelegate.h */ = {isa = PBXFileReference; lastKnownFileType = sourcecode.c.h; path = AppDelegate.h; sourceTree = "<group>"; };
		46D50D011B993BD40007D771 /* AppDelegate.m */ = {isa = PBXFileReference; lastKnownFileType = sourcecode.c.objc; path = AppDelegate.m; sourceTree = "<group>"; };
		46D50D031B993BD40007D771 /* ViewController.h */ = {isa = PBXFileReference; lastKnownFileType = sourcecode.c.h; path = ViewController.h; sourceTree = "<group>"; };
		46D50D041B993BD40007D771 /* ViewController.m */ = {isa = PBXFileReference; lastKnownFileType = sourcecode.c.objc; path = ViewController.m; sourceTree = "<group>"; };
		46D50D071B993BD40007D771 /* Base */ = {isa = PBXFileReference; lastKnownFileType = file.storyboard; name = Base; path = Base.lproj/Main.storyboard; sourceTree = "<group>"; };
		46D50D091B993BD40007D771 /* Images.xcassets */ = {isa = PBXFileReference; lastKnownFileType = folder.assetcatalog; path = Images.xcassets; sourceTree = "<group>"; };
		46D50D0C1B993BD40007D771 /* Base */ = {isa = PBXFileReference; lastKnownFileType = file.xib; name = Base; path = Base.lproj/LaunchScreen.xib; sourceTree = "<group>"; };
		46D50D121B993BD40007D771 /* SJTextTips(OC)Tests.xctest */ = {isa = PBXFileReference; explicitFileType = wrapper.cfbundle; includeInIndex = 0; path = "SJTextTips(OC)Tests.xctest"; sourceTree = BUILT_PRODUCTS_DIR; };
		46D50D171B993BD40007D771 /* Info.plist */ = {isa = PBXFileReference; lastKnownFileType = text.plist.xml; path = Info.plist; sourceTree = "<group>"; };
		46D50D181B993BD40007D771 /* SJTextTips_OC_Tests.m */ = {isa = PBXFileReference; lastKnownFileType = sourcecode.c.objc; path = SJTextTips_OC_Tests.m; sourceTree = "<group>"; };
		46D5149C1C1DC6CF0086F19F /* UITextField+tips.h */ = {isa = PBXFileReference; fileEncoding = 4; lastKnownFileType = sourcecode.c.h; name = "UITextField+tips.h"; path = "SJTextTips/UITextField+tips.h"; sourceTree = SOURCE_ROOT; };
		46D5149D1C1DC6CF0086F19F /* UITextField+tips.m */ = {isa = PBXFileReference; fileEncoding = 4; lastKnownFileType = sourcecode.c.objc; name = "UITextField+tips.m"; path = "SJTextTips/UITextField+tips.m"; sourceTree = SOURCE_ROOT; };
/* End PBXFileReference section */

/* Begin PBXFrameworksBuildPhase section */
		46D50CF61B993BD30007D771 /* Frameworks */ = {
			isa = PBXFrameworksBuildPhase;
			buildActionMask = 2147483647;
			files = (
			);
			runOnlyForDeploymentPostprocessing = 0;
		};
		46D50D0F1B993BD40007D771 /* Frameworks */ = {
			isa = PBXFrameworksBuildPhase;
			buildActionMask = 2147483647;
			files = (
			);
			runOnlyForDeploymentPostprocessing = 0;
		};
/* End PBXFrameworksBuildPhase section */

/* Begin PBXGroup section */
		46D50CF01B993BD30007D771 = {
			isa = PBXGroup;
			children = (
				46D50CFB1B993BD30007D771 /* SJTextTips(OC) */,
				46D50D151B993BD40007D771 /* SJTextTips(OC)Tests */,
				46D50CFA1B993BD30007D771 /* Products */,
			);
			sourceTree = "<group>";
		};
		46D50CFA1B993BD30007D771 /* Products */ = {
			isa = PBXGroup;
			children = (
				46D50CF91B993BD30007D771 /* SJTextTips(OC).app */,
				46D50D121B993BD40007D771 /* SJTextTips(OC)Tests.xctest */,
			);
			name = Products;
			sourceTree = "<group>";
		};
		46D50CFB1B993BD30007D771 /* SJTextTips(OC) */ = {
			isa = PBXGroup;
			children = (
				46D50D251B993CB80007D771 /* UITextField+tips */,
				46D50D001B993BD40007D771 /* AppDelegate.h */,
				46D50D011B993BD40007D771 /* AppDelegate.m */,
				46D50D031B993BD40007D771 /* ViewController.h */,
				46D50D041B993BD40007D771 /* ViewController.m */,
				46D50D061B993BD40007D771 /* Main.storyboard */,
				46D50D091B993BD40007D771 /* Images.xcassets */,
				46D50D0B1B993BD40007D771 /* LaunchScreen.xib */,
				46D50CFC1B993BD40007D771 /* Supporting Files */,
			);
			path = "SJTextTips(OC)";
			sourceTree = "<group>";
		};
		46D50CFC1B993BD40007D771 /* Supporting Files */ = {
			isa = PBXGroup;
			children = (
				46D50CFD1B993BD40007D771 /* Info.plist */,
				46D50CFE1B993BD40007D771 /* main.m */,
			);
			name = "Supporting Files";
			sourceTree = "<group>";
		};
		46D50D151B993BD40007D771 /* SJTextTips(OC)Tests */ = {
			isa = PBXGroup;
			children = (
				46D50D181B993BD40007D771 /* SJTextTips_OC_Tests.m */,
				46D50D161B993BD40007D771 /* Supporting Files */,
			);
			path = "SJTextTips(OC)Tests";
			sourceTree = "<group>";
		};
		46D50D161B993BD40007D771 /* Supporting Files */ = {
			isa = PBXGroup;
			children = (
				46D50D171B993BD40007D771 /* Info.plist */,
			);
			name = "Supporting Files";
			sourceTree = "<group>";
		};
		46D50D251B993CB80007D771 /* UITextField+tips */ = {
			isa = PBXGroup;
			children = (
				46D5149C1C1DC6CF0086F19F /* UITextField+tips.h */,
				46D5149D1C1DC6CF0086F19F /* UITextField+tips.m */,
			);
			name = "UITextField+tips";
			sourceTree = "<group>";
		};
/* End PBXGroup section */

/* Begin PBXNativeTarget section */
		46D50CF81B993BD30007D771 /* SJTextTips(OC) */ = {
			isa = PBXNativeTarget;
			buildConfigurationList = 46D50D1C1B993BD40007D771 /* Build configuration list for PBXNativeTarget "SJTextTips(OC)" */;
			buildPhases = (
				46D50CF51B993BD30007D771 /* Sources */,
				46D50CF61B993BD30007D771 /* Frameworks */,
				46D50CF71B993BD30007D771 /* Resources */,
			);
			buildRules = (
			);
			dependencies = (
			);
			name = "SJTextTips(OC)";
			productName = "SJTextTips(OC)";
			productReference = 46D50CF91B993BD30007D771 /* SJTextTips(OC).app */;
			productType = "com.apple.product-type.application";
		};
		46D50D111B993BD40007D771 /* SJTextTips(OC)Tests */ = {
			isa = PBXNativeTarget;
			buildConfigurationList = 46D50D1F1B993BD40007D771 /* Build configuration list for PBXNativeTarget "SJTextTips(OC)Tests" */;
			buildPhases = (
				46D50D0E1B993BD40007D771 /* Sources */,
				46D50D0F1B993BD40007D771 /* Frameworks */,
				46D50D101B993BD40007D771 /* Resources */,
			);
			buildRules = (
			);
			dependencies = (
				46D50D141B993BD40007D771 /* PBXTargetDependency */,
			);
			name = "SJTextTips(OC)Tests";
			productName = "SJTextTips(OC)Tests";
			productReference = 46D50D121B993BD40007D771 /* SJTextTips(OC)Tests.xctest */;
			productType = "com.apple.product-type.bundle.unit-test";
		};
/* End PBXNativeTarget section */

/* Begin PBXProject section */
		46D50CF11B993BD30007D771 /* Project object */ = {
			isa = PBXProject;
			attributes = {
				LastUpgradeCheck = 0640;
				ORGANIZATIONNAME = shmilyAshen;
				TargetAttributes = {
					46D50CF81B993BD30007D771 = {
						CreatedOnToolsVersion = 6.4;
					};
					46D50D111B993BD40007D771 = {
						CreatedOnToolsVersion = 6.4;
						TestTargetID = 46D50CF81B993BD30007D771;
					};
				};
			};
			buildConfigurationList = 46D50CF41B993BD30007D771 /* Build configuration list for PBXProject "SJTextTips(OC)" */;
			compatibilityVersion = "Xcode 3.2";
			developmentRegion = English;
			hasScannedForEncodings = 0;
			knownRegions = (
				en,
				Base,
			);
			mainGroup = 46D50CF01B993BD30007D771;
			productRefGroup = 46D50CFA1B993BD30007D771 /* Products */;
			projectDirPath = "";
			projectRoot = "";
			targets = (
				46D50CF81B993BD30007D771 /* SJTextTips(OC) */,
				46D50D111B993BD40007D771 /* SJTextTips(OC)Tests */,
			);
		};
/* End PBXProject section */

/* Begin PBXResourcesBuildPhase section */
		46D50CF71B993BD30007D771 /* Resources */ = {
			isa = PBXResourcesBuildPhase;
			buildActionMask = 2147483647;
			files = (
				46D50D081B993BD40007D771 /* Main.storyboard in Resources */,
				46D50D0D1B993BD40007D771 /* LaunchScreen.xib in Resources */,
				46D50D0A1B993BD40007D771 /* Images.xcassets in Resources */,
			);
			runOnlyForDeploymentPostprocessing = 0;
		};
		46D50D101B993BD40007D771 /* Resources */ = {
			isa = PBXResourcesBuildPhase;
			buildActionMask = 2147483647;
			files = (
			);
			runOnlyForDeploymentPostprocessing = 0;
		};
/* End PBXResourcesBuildPhase section */

/* Begin PBXSourcesBuildPhase section */
		46D50CF51B993BD30007D771 /* Sources */ = {
			isa = PBXSourcesBuildPhase;
			buildActionMask = 2147483647;
			files = (
				46D50D051B993BD40007D771 /* ViewController.m in Sources */,
				46D50D021B993BD40007D771 /* AppDelegate.m in Sources */,
				46D50CFF1B993BD40007D771 /* main.m in Sources */,
				46D5149E1C1DC6CF0086F19F /* UITextField+tips.m in Sources */,
			);
			runOnlyForDeploymentPostprocessing = 0;
		};
		46D50D0E1B993BD40007D771 /* Sources */ = {
			isa = PBXSourcesBuildPhase;
			buildActionMask = 2147483647;
			files = (
				46D50D191B993BD40007D771 /* SJTextTips_OC_Tests.m in Sources */,
			);
			runOnlyForDeploymentPostprocessing = 0;
		};
/* End PBXSourcesBuildPhase section */

/* Begin PBXTargetDependency section */
		46D50D141B993BD40007D771 /* PBXTargetDependency */ = {
			isa = PBXTargetDependency;
			target = 46D50CF81B993BD30007D771 /* SJTextTips(OC) */;
			targetProxy = 46D50D131B993BD40007D771 /* PBXContainerItemProxy */;
		};
/* End PBXTargetDependency section */

/* Begin PBXVariantGroup section */
		46D50D061B993BD40007D771 /* Main.storyboard */ = {
			isa = PBXVariantGroup;
			children = (
				46D50D071B993BD40007D771 /* Base */,
			);
			name = Main.storyboard;
			sourceTree = "<group>";
		};
		46D50D0B1B993BD40007D771 /* LaunchScreen.xib */ = {
			isa = PBXVariantGroup;
			children = (
				46D50D0C1B993BD40007D771 /* Base */,
			);
			name = LaunchScreen.xib;
			sourceTree = "<group>";
		};
/* End PBXVariantGroup section */

/* Begin XCBuildConfiguration section */
		46D50D1A1B993BD40007D771 /* Debug */ = {
			isa = XCBuildConfiguration;
			buildSettings = {
				ALWAYS_SEARCH_USER_PATHS = NO;
				CLANG_CXX_LANGUAGE_STANDARD = "gnu++0x";
				CLANG_CXX_LIBRARY = "libc++";
				CLANG_ENABLE_MODULES = YES;
				CLANG_ENABLE_OBJC_ARC = YES;
				CLANG_WARN_BOOL_CONVERSION = YES;
				CLANG_WARN_CONSTANT_CONVERSION = YES;
				CLANG_WARN_DIRECT_OBJC_ISA_USAGE = YES_ERROR;
				CLANG_WARN_EMPTY_BODY = YES;
				CLANG_WARN_ENUM_CONVERSION = YES;
				CLANG_WARN_INT_CONVERSION = YES;
				CLANG_WARN_OBJC_ROOT_CLASS = YES_ERROR;
				CLANG_WARN_UNREACHABLE_CODE = YES;
				CLANG_WARN__DUPLICATE_METHOD_MATCH = YES;
				"CODE_SIGN_IDENTITY[sdk=iphoneos*]" = "iPhone Developer";
				COPY_PHASE_STRIP = NO;
				DEBUG_INFORMATION_FORMAT = "dwarf-with-dsym";
				ENABLE_STRICT_OBJC_MSGSEND = YES;
				GCC_C_LANGUAGE_STANDARD = gnu99;
				GCC_DYNAMIC_NO_PIC = NO;
				GCC_NO_COMMON_BLOCKS = YES;
				GCC_OPTIMIZATION_LEVEL = 0;
				GCC_PREPROCESSOR_DEFINITIONS = (
					"DEBUG=1",
					"$(inherited)",
				);
				GCC_SYMBOLS_PRIVATE_EXTERN = NO;
				GCC_WARN_64_TO_32_BIT_CONVERSION = YES;
				GCC_WARN_ABOUT_RETURN_TYPE = YES_ERROR;
				GCC_WARN_UNDECLARED_SELECTOR = YES;
				GCC_WARN_UNINITIALIZED_AUTOS = YES_AGGRESSIVE;
				GCC_WARN_UNUSED_FUNCTION = YES;
				GCC_WARN_UNUSED_VARIABLE = YES;
				IPHONEOS_DEPLOYMENT_TARGET = 8.4;
				MTL_ENABLE_DEBUG_INFO = YES;
				ONLY_ACTIVE_ARCH = YES;
				SDKROOT = iphoneos;
			};
			name = Debug;
		};
		46D50D1B1B993BD40007D771 /* Release */ = {
			isa = XCBuildConfiguration;
			buildSettings = {
				ALWAYS_SEARCH_USER_PATHS = NO;
				CLANG_CXX_LANGUAGE_STANDARD = "gnu++0x";
				CLANG_CXX_LIBRARY = "libc++";
				CLANG_ENABLE_MODULES = YES;
				CLANG_ENABLE_OBJC_ARC = YES;
				CLANG_WARN_BOOL_CONVERSION = YES;
				CLANG_WARN_CONSTANT_CONVERSION = YES;
				CLANG_WARN_DIRECT_OBJC_ISA_USAGE = YES_ERROR;
				CLANG_WARN_EMPTY_BODY = YES;
				CLANG_WARN_ENUM_CONVERSION = YES;
				CLANG_WARN_INT_CONVERSION = YES;
				CLANG_WARN_OBJC_ROOT_CLASS = YES_ERROR;
				CLANG_WARN_UNREACHABLE_CODE = YES;
				CLANG_WARN__DUPLICATE_METHOD_MATCH = YES;
				"CODE_SIGN_IDENTITY[sdk=iphoneos*]" = "iPhone Developer";
				COPY_PHASE_STRIP = NO;
				DEBUG_INFORMATION_FORMAT = "dwarf-with-dsym";
				ENABLE_NS_ASSERTIONS = NO;
				ENABLE_STRICT_OBJC_MSGSEND = YES;
				GCC_C_LANGUAGE_STANDARD = gnu99;
				GCC_NO_COMMON_BLOCKS = YES;
				GCC_WARN_64_TO_32_BIT_CONVERSION = YES;
				GCC_WARN_ABOUT_RETURN_TYPE = YES_ERROR;
				GCC_WARN_UNDECLARED_SELECTOR = YES;
				GCC_WARN_UNINITIALIZED_AUTOS = YES_AGGRESSIVE;
				GCC_WARN_UNUSED_FUNCTION = YES;
				GCC_WARN_UNUSED_VARIABLE = YES;
				IPHONEOS_DEPLOYMENT_TARGET = 8.4;
				MTL_ENABLE_DEBUG_INFO = NO;
				SDKROOT = iphoneos;
				VALIDATE_PRODUCT = YES;
			};
			name = Release;
		};
		46D50D1D1B993BD40007D771 /* Debug */ = {
			isa = XCBuildConfiguration;
			buildSettings = {
				ASSETCATALOG_COMPILER_APPICON_NAME = AppIcon;
				INFOPLIST_FILE = "SJTextTips(OC)/Info.plist";
				LD_RUNPATH_SEARCH_PATHS = "$(inherited) @executable_path/Frameworks";
				PRODUCT_NAME = "$(TARGET_NAME)";
			};
			name = Debug;
		};
		46D50D1E1B993BD40007D771 /* Release */ = {
			isa = XCBuildConfiguration;
			buildSettings = {
				ASSETCATALOG_COMPILER_APPICON_NAME = AppIcon;
				INFOPLIST_FILE = "SJTextTips(OC)/Info.plist";
				LD_RUNPATH_SEARCH_PATHS = "$(inherited) @executable_path/Frameworks";
				PRODUCT_NAME = "$(TARGET_NAME)";
			};
			name = Release;
		};
		46D50D201B993BD40007D771 /* Debug */ = {
			isa = XCBuildConfiguration;
			buildSettings = {
				BUNDLE_LOADER = "$(TEST_HOST)";
				FRAMEWORK_SEARCH_PATHS = (
					"$(SDKROOT)/Developer/Library/Frameworks",
					"$(inherited)",
				);
				GCC_PREPROCESSOR_DEFINITIONS = (
					"DEBUG=1",
					"$(inherited)",
				);
				INFOPLIST_FILE = "SJTextTips(OC)Tests/Info.plist";
				LD_RUNPATH_SEARCH_PATHS = "$(inherited) @executable_path/Frameworks @loader_path/Frameworks";
				PRODUCT_NAME = "$(TARGET_NAME)";
				TEST_HOST = "$(BUILT_PRODUCTS_DIR)/SJTextTips(OC).app/SJTextTips(OC)";
			};
			name = Debug;
		};
		46D50D211B993BD40007D771 /* Release */ = {
			isa = XCBuildConfiguration;
			buildSettings = {
				BUNDLE_LOADER = "$(TEST_HOST)";
				FRAMEWORK_SEARCH_PATHS = (
					"$(SDKROOT)/Developer/Library/Frameworks",
					"$(inherited)",
				);
				INFOPLIST_FILE = "SJTextTips(OC)Tests/Info.plist";
				LD_RUNPATH_SEARCH_PATHS = "$(inherited) @executable_path/Frameworks @loader_path/Frameworks";
				PRODUCT_NAME = "$(TARGET_NAME)";
				TEST_HOST = "$(BUILT_PRODUCTS_DIR)/SJTextTips(OC).app/SJTextTips(OC)";
			};
			name = Release;
		};
/* End XCBuildConfiguration section */

/* Begin XCConfigurationList section */
		46D50CF41B993BD30007D771 /* Build configuration list for PBXProject "SJTextTips(OC)" */ = {
			isa = XCConfigurationList;
			buildConfigurations = (
				46D50D1A1B993BD40007D771 /* Debug */,
				46D50D1B1B993BD40007D771 /* Release */,
			);
			defaultConfigurationIsVisible = 0;
			defaultConfigurationName = Release;
		};
		46D50D1C1B993BD40007D771 /* Build configuration list for PBXNativeTarget "SJTextTips(OC)" */ = {
			isa = XCConfigurationList;
			buildConfigurations = (
				46D50D1D1B993BD40007D771 /* Debug */,
				46D50D1E1B993BD40007D771 /* Release */,
			);
			defaultConfigurationIsVisible = 0;
			defaultConfigurationName = Release;
		};
		46D50D1F1B993BD40007D771 /* Build configuration list for PBXNativeTarget "SJTextTips(OC)Tests" */ = {
			isa = XCConfigurationList;
			buildConfigurations = (
				46D50D201B993BD40007D771 /* Debug */,
				46D50D211B993BD40007D771 /* Release */,
			);
			defaultConfigurationIsVisible = 0;
			defaultConfigurationName = Release;
		};
/* End XCConfigurationList section */
	};
	rootObject = 46D50CF11B993BD30007D771 /* Project object */;
}
